<Solution>
  <Folder Name="/src/">
    <Project Path="src/MantlePlace.Revit.Core/MantlePlace.Revit.Core.csproj" />
    <Project Path="src/MantlePlace.Revit.Client/MantlePlace.Revit.Client.csproj" />
    <Project Path="src/MantlePlace.Revit.Addin/MantlePlace.Revit.Addin.csproj" />
  </Folder>
  <Folder Name="/tests/">
    <Project Path="tests/MantlePlace.Revit.Core.Tests/MantlePlace.Revit.Core.Tests.csproj" />
  </Folder>
</Solution>
